
Microsoft Visual Studio Solution File, Format Version 12.00
# Visual Studio Version 17
VisualStudioVersion = 17.14.36202.13 d17.14
MinimumVisualStudioVersion = 10.0.40219.1
Project("{FAE04EC0-301F-11D3-BF4B-00C04F79EFBC}") = "Library System", "Library System\Library System.csproj", "{631ACC01-37D8-4ADC-ADDD-D5AA10990E4C}"
EndProject
Global
	GlobalSection(SolutionConfigurationPlatforms) = preSolution
		Debug|Any CPU = Debug|Any CPU
		Release|Any CPU = Release|Any CPU
	EndGlobalSection
	GlobalSection(ProjectConfigurationPlatforms) = postSolution
		{631ACC01-37D8-4ADC-ADDD-D5AA10990E4C}.Debug|Any CPU.ActiveCfg = Debug|Any CPU
		{631ACC01-37D8-4ADC-ADDD-D5AA10990E4C}.Debug|Any CPU.Build.0 = Debug|Any CPU
		{631ACC01-37D8-4ADC-ADDD-D5AA10990E4C}.Release|Any CPU.ActiveCfg = Release|Any CPU
		{631ACC01-37D8-4ADC-ADDD-D5AA10990E4C}.Release|Any CPU.Build.0 = Release|Any CPU
	EndGlobalSection
	GlobalSection(SolutionProperties) = preSolution
		HideSolutionNode = FALSE
	EndGlobalSection
	GlobalSection(ExtensibilityGlobals) = postSolution
		SolutionGuid = {DEDA795C-60CA-44DF-9441-9097C501B924}
	EndGlobalSection
EndGlobal
